{
  "name": "rollup-problem-matcher",
  "version": "0.1.0",
  "lockfileVersion": 3,
  "requires": true,
  "packages": {
    "": {
      "name": "rollup-problem-matcher",
      "version": "0.1.0",
      "license": "MPL-2.0",
      "devDependencies": {
        "@types/node": "^16.x",
        "@types/vscode": "^1.76.0"
      },
      "engines": {
        "vscode": "^1.76.0"
      }
    },
    "node_modules/@types/node": {
      "version": "16.18.38",
      "resolved": "https://registry.npmjs.org/@types/node/-/node-16.18.38.tgz",
      "integrity": "sha512-6sfo1qTulpVbkxECP+AVrHV9OoJqhzCsfTNp5NIG+enM4HyM3HvZCO798WShIXBN0+QtDIcutJCjsVYnQP5rIQ==",
      "dev": true
    },
    "node_modules/@types/vscode": {
      "version": "1.79.1",
      "resolved": "https://registry.npmjs.org/@types/vscode/-/vscode-1.79.1.tgz",
      "integrity": "sha512-Ikwc4YbHABzqthrWfeAvItaAIfX9mdjMWxqNgTpGjhgOu0TMRq9LzyZ2yBK0JhYqoSjEubEPawf6zJgnl6Egtw==",
      "dev": true
    }
  }
}
